
Microsoft Visual Studio Solution File, Format Version 12.00
# Visual Studio Version 17
VisualStudioVersion = 17.0.32112.339
MinimumVisualStudioVersion = 10.0.40219.1
Project("{9A19103F-16F7-4668-BE54-9A1E7A4F7556}") = "Service.Core", "Service.Core\Service.Core.csproj", "{E58D15D0-0047-43B6-AE13-CA38CA3F0009}"
EndProject
Project("{9A19103F-16F7-4668-BE54-9A1E7A4F7556}") = "Service.Playground", "Service.Playground\Service.Playground.csproj", "{1FB91927-9560-448B-A485-5237B128CDE3}"
EndProject
Project("{9A19103F-16F7-4668-BE54-9A1E7A4F7556}") = "Service.Test", "Service.Test\Service.Test.csproj", "{045D1DF2-3382-4503-94B2-1BA2449F599B}"
EndProject
Project("{9A19103F-16F7-4668-BE54-9A1E7A4F7556}") = "Service.Core.Abstractions", "Service.Core.Abstractions\Service.Core.Abstractions.csproj", "{32DADA5E-F9BA-4E6F-A77B-112E21937E21}"
EndProject
Project("{9A19103F-16F7-4668-BE54-9A1E7A4F7556}") = "Service.Core.DefinedTypes", "Service.Core.DefinedTypes\Service.Core.DefinedTypes.csproj", "{E7620D1A-58C2-4977-9F69-72384C555A48}"
EndProject
Project("{9A19103F-16F7-4668-BE54-9A1E7A4F7556}") = "Service.Core.Storage", "Service.Core.Storage\Service.Core.Storage.csproj", "{653CB7DD-7ADF-4EF0-A1BF-4893C4226CB4}"
EndProject
Project("{9A19103F-16F7-4668-BE54-9A1E7A4F7556}") = "Service.Core.Communication", "Service.Core.Communication\Service.Core.Communication.csproj", "{7B8A8691-06AE-46AD-AD22-66117CEF138F}"
EndProject
Project("{9A19103F-16F7-4668-BE54-9A1E7A4F7556}") = "Service.Runtime", "Service.Runtime\Service.Runtime.csproj", "{206587A7-A97A-4670-9756-3600995B3A6D}"
EndProject
Project("{2150E333-8FDC-42A3-9474-1A3956D46DE8}") = "Modules", "Modules", "{E6AC9717-E5C9-4743-9AA5-A14DC7144823}"
EndProject
Project("{9A19103F-16F7-4668-BE54-9A1E7A4F7556}") = "Service.Core.Token.Encryption", "Service.Core.Token.Encryption\Service.Core.Token.Encryption.csproj", "{097BC241-8007-4A3D-98B8-2743A0101CB5}"
EndProject
Project("{9A19103F-16F7-4668-BE54-9A1E7A4F7556}") = "Service.Core.Token.Hashing", "Service.Core.Token.Hashing\Service.Core.Token.Hashing.csproj", "{5FF823AC-E4E9-4FC3-B977-F9D9B54306D2}"
EndProject
Project("{9A19103F-16F7-4668-BE54-9A1E7A4F7556}") = "Service.Core.Token.Signing", "Service.Core.Token.Signing\Service.Core.Token.Signing.csproj", "{E9D29B81-2447-45F4-A86B-C6DFCF89BDBD}"
EndProject
Project("{9A19103F-16F7-4668-BE54-9A1E7A4F7556}") = "Service.Worker", "Service.Worker\Service.Worker.csproj", "{6E764932-E321-4481-8CD8-5A1BB6605CA6}"
EndProject
Project("{9A19103F-16F7-4668-BE54-9A1E7A4F7556}") = "Service.ConfigurationAPI", "Service.ConfigurationAPI\Service.ConfigurationAPI.csproj", "{87D93F3B-2C74-42CB-ADA8-5FF89F5485F9}"
EndProject
Project("{9A19103F-16F7-4668-BE54-9A1E7A4F7556}") = "Service.Core.Configuration", "Service.Core.Configuration\Service.Core.Configuration.csproj", "{0200E4D0-60D5-45E5-B811-C2EE64925CBF}"
EndProject
Project("{2150E333-8FDC-42A3-9474-1A3956D46DE8}") = "Configuration", "Configuration", "{B5DDD47C-0470-4E72-8939-36E72DC78BB8}"
EndProject
Project("{FAE04EC0-301F-11D3-BF4B-00C04F79EFBC}") = "Service.ConfigurationAPI.Models", "Service.ConfigurationAPI.Models\Service.ConfigurationAPI.Models.csproj", "{8CDDD1B6-8073-4B17-AD93-11D15644D3AB}"
EndProject
Global
	GlobalSection(SolutionConfigurationPlatforms) = preSolution
		Debug|Any CPU = Debug|Any CPU
		Release|Any CPU = Release|Any CPU
	EndGlobalSection
	GlobalSection(ProjectConfigurationPlatforms) = postSolution
		{E58D15D0-0047-43B6-AE13-CA38CA3F0009}.Debug|Any CPU.ActiveCfg = Debug|Any CPU
		{E58D15D0-0047-43B6-AE13-CA38CA3F0009}.Debug|Any CPU.Build.0 = Debug|Any CPU
		{E58D15D0-0047-43B6-AE13-CA38CA3F0009}.Release|Any CPU.ActiveCfg = Release|Any CPU
		{E58D15D0-0047-43B6-AE13-CA38CA3F0009}.Release|Any CPU.Build.0 = Release|Any CPU
		{1FB91927-9560-448B-A485-5237B128CDE3}.Debug|Any CPU.ActiveCfg = Debug|Any CPU
		{1FB91927-9560-448B-A485-5237B128CDE3}.Debug|Any CPU.Build.0 = Debug|Any CPU
		{1FB91927-9560-448B-A485-5237B128CDE3}.Release|Any CPU.ActiveCfg = Release|Any CPU
		{1FB91927-9560-448B-A485-5237B128CDE3}.Release|Any CPU.Build.0 = Release|Any CPU
		{045D1DF2-3382-4503-94B2-1BA2449F599B}.Debug|Any CPU.ActiveCfg = Debug|Any CPU
		{045D1DF2-3382-4503-94B2-1BA2449F599B}.Debug|Any CPU.Build.0 = Debug|Any CPU
		{045D1DF2-3382-4503-94B2-1BA2449F599B}.Release|Any CPU.ActiveCfg = Release|Any CPU
		{045D1DF2-3382-4503-94B2-1BA2449F599B}.Release|Any CPU.Build.0 = Release|Any CPU
		{32DADA5E-F9BA-4E6F-A77B-112E21937E21}.Debug|Any CPU.ActiveCfg = Debug|Any CPU
		{32DADA5E-F9BA-4E6F-A77B-112E21937E21}.Debug|Any CPU.Build.0 = Debug|Any CPU
		{32DADA5E-F9BA-4E6F-A77B-112E21937E21}.Release|Any CPU.ActiveCfg = Release|Any CPU
		{32DADA5E-F9BA-4E6F-A77B-112E21937E21}.Release|Any CPU.Build.0 = Release|Any CPU
		{E7620D1A-58C2-4977-9F69-72384C555A48}.Debug|Any CPU.ActiveCfg = Debug|Any CPU
		{E7620D1A-58C2-4977-9F69-72384C555A48}.Debug|Any CPU.Build.0 = Debug|Any CPU
		{E7620D1A-58C2-4977-9F69-72384C555A48}.Release|Any CPU.ActiveCfg = Release|Any CPU
		{E7620D1A-58C2-4977-9F69-72384C555A48}.Release|Any CPU.Build.0 = Release|Any CPU
		{653CB7DD-7ADF-4EF0-A1BF-4893C4226CB4}.Debug|Any CPU.ActiveCfg = Debug|Any CPU
		{653CB7DD-7ADF-4EF0-A1BF-4893C4226CB4}.Debug|Any CPU.Build.0 = Debug|Any CPU
		{653CB7DD-7ADF-4EF0-A1BF-4893C4226CB4}.Release|Any CPU.ActiveCfg = Release|Any CPU
		{653CB7DD-7ADF-4EF0-A1BF-4893C4226CB4}.Release|Any CPU.Build.0 = Release|Any CPU
		{7B8A8691-06AE-46AD-AD22-66117CEF138F}.Debug|Any CPU.ActiveCfg = Debug|Any CPU
		{7B8A8691-06AE-46AD-AD22-66117CEF138F}.Debug|Any CPU.Build.0 = Debug|Any CPU
		{7B8A8691-06AE-46AD-AD22-66117CEF138F}.Release|Any CPU.ActiveCfg = Release|Any CPU
		{7B8A8691-06AE-46AD-AD22-66117CEF138F}.Release|Any CPU.Build.0 = Release|Any CPU
		{206587A7-A97A-4670-9756-3600995B3A6D}.Debug|Any CPU.ActiveCfg = Debug|Any CPU
		{206587A7-A97A-4670-9756-3600995B3A6D}.Debug|Any CPU.Build.0 = Debug|Any CPU
		{206587A7-A97A-4670-9756-3600995B3A6D}.Release|Any CPU.ActiveCfg = Release|Any CPU
		{206587A7-A97A-4670-9756-3600995B3A6D}.Release|Any CPU.Build.0 = Release|Any CPU
		{097BC241-8007-4A3D-98B8-2743A0101CB5}.Debug|Any CPU.ActiveCfg = Debug|Any CPU
		{097BC241-8007-4A3D-98B8-2743A0101CB5}.Debug|Any CPU.Build.0 = Debug|Any CPU
		{097BC241-8007-4A3D-98B8-2743A0101CB5}.Release|Any CPU.ActiveCfg = Release|Any CPU
		{097BC241-8007-4A3D-98B8-2743A0101CB5}.Release|Any CPU.Build.0 = Release|Any CPU
		{5FF823AC-E4E9-4FC3-B977-F9D9B54306D2}.Debug|Any CPU.ActiveCfg = Debug|Any CPU
		{5FF823AC-E4E9-4FC3-B977-F9D9B54306D2}.Debug|Any CPU.Build.0 = Debug|Any CPU
		{5FF823AC-E4E9-4FC3-B977-F9D9B54306D2}.Release|Any CPU.ActiveCfg = Release|Any CPU
		{5FF823AC-E4E9-4FC3-B977-F9D9B54306D2}.Release|Any CPU.Build.0 = Release|Any CPU
		{E9D29B81-2447-45F4-A86B-C6DFCF89BDBD}.Debug|Any CPU.ActiveCfg = Debug|Any CPU
		{E9D29B81-2447-45F4-A86B-C6DFCF89BDBD}.Debug|Any CPU.Build.0 = Debug|Any CPU
		{E9D29B81-2447-45F4-A86B-C6DFCF89BDBD}.Release|Any CPU.ActiveCfg = Release|Any CPU
		{E9D29B81-2447-45F4-A86B-C6DFCF89BDBD}.Release|Any CPU.Build.0 = Release|Any CPU
		{6E764932-E321-4481-8CD8-5A1BB6605CA6}.Debug|Any CPU.ActiveCfg = Debug|Any CPU
		{6E764932-E321-4481-8CD8-5A1BB6605CA6}.Debug|Any CPU.Build.0 = Debug|Any CPU
		{6E764932-E321-4481-8CD8-5A1BB6605CA6}.Release|Any CPU.ActiveCfg = Release|Any CPU
		{6E764932-E321-4481-8CD8-5A1BB6605CA6}.Release|Any CPU.Build.0 = Release|Any CPU
		{87D93F3B-2C74-42CB-ADA8-5FF89F5485F9}.Debug|Any CPU.ActiveCfg = Debug|Any CPU
		{87D93F3B-2C74-42CB-ADA8-5FF89F5485F9}.Debug|Any CPU.Build.0 = Debug|Any CPU
		{87D93F3B-2C74-42CB-ADA8-5FF89F5485F9}.Release|Any CPU.ActiveCfg = Release|Any CPU
		{87D93F3B-2C74-42CB-ADA8-5FF89F5485F9}.Release|Any CPU.Build.0 = Release|Any CPU
		{0200E4D0-60D5-45E5-B811-C2EE64925CBF}.Debug|Any CPU.ActiveCfg = Debug|Any CPU
		{0200E4D0-60D5-45E5-B811-C2EE64925CBF}.Debug|Any CPU.Build.0 = Debug|Any CPU
		{0200E4D0-60D5-45E5-B811-C2EE64925CBF}.Release|Any CPU.ActiveCfg = Release|Any CPU
		{0200E4D0-60D5-45E5-B811-C2EE64925CBF}.Release|Any CPU.Build.0 = Release|Any CPU
		{8CDDD1B6-8073-4B17-AD93-11D15644D3AB}.Debug|Any CPU.ActiveCfg = Debug|Any CPU
		{8CDDD1B6-8073-4B17-AD93-11D15644D3AB}.Debug|Any CPU.Build.0 = Debug|Any CPU
		{8CDDD1B6-8073-4B17-AD93-11D15644D3AB}.Release|Any CPU.ActiveCfg = Release|Any CPU
		{8CDDD1B6-8073-4B17-AD93-11D15644D3AB}.Release|Any CPU.Build.0 = Release|Any CPU
	EndGlobalSection
	GlobalSection(SolutionProperties) = preSolution
		HideSolutionNode = FALSE
	EndGlobalSection
	GlobalSection(NestedProjects) = preSolution
		{097BC241-8007-4A3D-98B8-2743A0101CB5} = {E6AC9717-E5C9-4743-9AA5-A14DC7144823}
		{5FF823AC-E4E9-4FC3-B977-F9D9B54306D2} = {E6AC9717-E5C9-4743-9AA5-A14DC7144823}
		{E9D29B81-2447-45F4-A86B-C6DFCF89BDBD} = {E6AC9717-E5C9-4743-9AA5-A14DC7144823}
		{87D93F3B-2C74-42CB-ADA8-5FF89F5485F9} = {B5DDD47C-0470-4E72-8939-36E72DC78BB8}
		{0200E4D0-60D5-45E5-B811-C2EE64925CBF} = {B5DDD47C-0470-4E72-8939-36E72DC78BB8}
		{8CDDD1B6-8073-4B17-AD93-11D15644D3AB} = {B5DDD47C-0470-4E72-8939-36E72DC78BB8}
	EndGlobalSection
	GlobalSection(ExtensibilityGlobals) = postSolution
		SolutionGuid = {671D15F5-EA26-427E-B862-AA98762B07DE}
	EndGlobalSection
EndGlobal
